// !$*UTF8*$!
{
	archiveVersion = 1;
	classes = {
	};
	objectVersion = 46;
	objects = {

/* Begin PBXBuildFile section */
		811806C7197E2265005FF79D /* AppDelegate.swift in Sources */ = {isa = PBXBuildFile; fileRef = 811806C6197E2265005FF79D /* AppDelegate.swift */; };
		811806C9197E2265005FF79D /* ViewController.swift in Sources */ = {isa = PBXBuildFile; fileRef = 811806C8197E2265005FF79D /* ViewController.swift */; };
		811806CC197E2265005FF79D /* Main.storyboard in Resources */ = {isa = PBXBuildFile; fileRef = 811806CA197E2265005FF79D /* Main.storyboard */; };
		811806CE197E2265005FF79D /* Images.xcassets in Resources */ = {isa = PBXBuildFile; fileRef = 811806CD197E2265005FF79D /* Images.xcassets */; };
		811806DA197E2265005FF79D /* SparkConnectTests.swift in Sources */ = {isa = PBXBuildFile; fileRef = 811806D9197E2265005FF79D /* SparkConnectTests.swift */; };
		E34F319DE8FE49E4BEB33C68 /* libPods.a in Frameworks */ = {isa = PBXBuildFile; fileRef = E91C23DCAFC14574AAAF1033 /* libPods.a */; };
/* End PBXBuildFile section */

/* Begin PBXContainerItemProxy section */
		811806D4197E2265005FF79D /* PBXContainerItemProxy */ = {
			isa = PBXContainerItemProxy;
			containerPortal = 811806B9197E2265005FF79D /* Project object */;
			proxyType = 1;
			remoteGlobalIDString = 811806C0197E2265005FF79D;
			remoteInfo = SparkConnect;
		};
/* End PBXContainerItemProxy section */

/* Begin PBXFileReference section */
		811806C1197E2265005FF79D /* SparkConnect.app */ = {isa = PBXFileReference; explicitFileType = wrapper.application; includeInIndex = 0; path = SparkConnect.app; sourceTree = BUILT_PRODUCTS_DIR; };
		811806C5197E2265005FF79D /* Info.plist */ = {isa = PBXFileReference; lastKnownFileType = text.plist.xml; path = Info.plist; sourceTree = "<group>"; };
		811806C6197E2265005FF79D /* AppDelegate.swift */ = {isa = PBXFileReference; lastKnownFileType = sourcecode.swift; path = AppDelegate.swift; sourceTree = "<group>"; };
		811806C8197E2265005FF79D /* ViewController.swift */ = {isa = PBXFileReference; lastKnownFileType = sourcecode.swift; path = ViewController.swift; sourceTree = "<group>"; };
		811806CB197E2265005FF79D /* Base */ = {isa = PBXFileReference; lastKnownFileType = file.storyboard; name = Base; path = Base.lproj/Main.storyboard; sourceTree = "<group>"; };
		811806CD197E2265005FF79D /* Images.xcassets */ = {isa = PBXFileReference; lastKnownFileType = folder.assetcatalog; path = Images.xcassets; sourceTree = "<group>"; };
		811806D3197E2265005FF79D /* SparkConnectTests.xctest */ = {isa = PBXFileReference; explicitFileType = wrapper.cfbundle; includeInIndex = 0; path = SparkConnectTests.xctest; sourceTree = BUILT_PRODUCTS_DIR; };
		811806D8197E2265005FF79D /* Info.plist */ = {isa = PBXFileReference; lastKnownFileType = text.plist.xml; path = Info.plist; sourceTree = "<group>"; };
		811806D9197E2265005FF79D /* SparkConnectTests.swift */ = {isa = PBXFileReference; lastKnownFileType = sourcecode.swift; path = SparkConnectTests.swift; sourceTree = "<group>"; };
		811806E3197E2991005FF79D /* SparkConnect-Bridging-Header.h */ = {isa = PBXFileReference; fileEncoding = 4; lastKnownFileType = sourcecode.c.h; path = "SparkConnect-Bridging-Header.h"; sourceTree = "<group>"; };
		BF8FA99DE6CE404D96C11B9C /* Pods.xcconfig */ = {isa = PBXFileReference; includeInIndex = 1; lastKnownFileType = text.xcconfig; name = Pods.xcconfig; path = Pods/Pods.xcconfig; sourceTree = "<group>"; };
		E91C23DCAFC14574AAAF1033 /* libPods.a */ = {isa = PBXFileReference; explicitFileType = archive.ar; includeInIndex = 0; path = libPods.a; sourceTree = BUILT_PRODUCTS_DIR; };
/* End PBXFileReference section */

/* Begin PBXFrameworksBuildPhase section */
		811806BE197E2265005FF79D /* Frameworks */ = {
			isa = PBXFrameworksBuildPhase;
			buildActionMask = 2147483647;
			files = (
				E34F319DE8FE49E4BEB33C68 /* libPods.a in Frameworks */,
			);
			runOnlyForDeploymentPostprocessing = 0;
		};
		811806D0197E2265005FF79D /* Frameworks */ = {
			isa = PBXFrameworksBuildPhase;
			buildActionMask = 2147483647;
			files = (
			);
			runOnlyForDeploymentPostprocessing = 0;
		};
/* End PBXFrameworksBuildPhase section */

/* Begin PBXGroup section */
		811806B8197E2265005FF79D = {
			isa = PBXGroup;
			children = (
				811806C3197E2265005FF79D /* SparkConnect */,
				811806D6197E2265005FF79D /* SparkConnectTests */,
				811806C2197E2265005FF79D /* Products */,
				BF8FA99DE6CE404D96C11B9C /* Pods.xcconfig */,
				E6244144F7004068BE3B4DD2 /* Frameworks */,
			);
			sourceTree = "<group>";
		};
		811806C2197E2265005FF79D /* Products */ = {
			isa = PBXGroup;
			children = (
				811806C1197E2265005FF79D /* SparkConnect.app */,
				811806D3197E2265005FF79D /* SparkConnectTests.xctest */,
			);
			name = Products;
			sourceTree = "<group>";
		};
		811806C3197E2265005FF79D /* SparkConnect */ = {
			isa = PBXGroup;
			children = (
				811806E3197E2991005FF79D /* SparkConnect-Bridging-Header.h */,
				811806C6197E2265005FF79D /* AppDelegate.swift */,
				811806C8197E2265005FF79D /* ViewController.swift */,
				811806CA197E2265005FF79D /* Main.storyboard */,
				811806CD197E2265005FF79D /* Images.xcassets */,
				811806C4197E2265005FF79D /* Supporting Files */,
			);
			path = SparkConnect;
			sourceTree = "<group>";
		};
		811806C4197E2265005FF79D /* Supporting Files */ = {
			isa = PBXGroup;
			children = (
				811806C5197E2265005FF79D /* Info.plist */,
			);
			name = "Supporting Files";
			sourceTree = "<group>";
		};
		811806D6197E2265005FF79D /* SparkConnectTests */ = {
			isa = PBXGroup;
			children = (
				811806D9197E2265005FF79D /* SparkConnectTests.swift */,
				811806D7197E2265005FF79D /* Supporting Files */,
			);
			path = SparkConnectTests;
			sourceTree = "<group>";
		};
		811806D7197E2265005FF79D /* Supporting Files */ = {
			isa = PBXGroup;
			children = (
				811806D8197E2265005FF79D /* Info.plist */,
			);
			name = "Supporting Files";
			sourceTree = "<group>";
		};
		E6244144F7004068BE3B4DD2 /* Frameworks */ = {
			isa = PBXGroup;
			children = (
				E91C23DCAFC14574AAAF1033 /* libPods.a */,
			);
			name = Frameworks;
			sourceTree = "<group>";
		};
/* End PBXGroup section */

/* Begin PBXNativeTarget section */
		811806C0197E2265005FF79D /* SparkConnect */ = {
			isa = PBXNativeTarget;
			buildConfigurationList = 811806DD197E2265005FF79D /* Build configuration list for PBXNativeTarget "SparkConnect" */;
			buildPhases = (
				0D11993D627D4FA4BD42C792 /* Check Pods Manifest.lock */,
				811806BD197E2265005FF79D /* Sources */,
				811806BE197E2265005FF79D /* Frameworks */,
				811806BF197E2265005FF79D /* Resources */,
				0382844821424950B3829304 /* Copy Pods Resources */,
			);
			buildRules = (
			);
			dependencies = (
			);
			name = SparkConnect;
			productName = SparkConnect;
			productReference = 811806C1197E2265005FF79D /* SparkConnect.app */;
			productType = "com.apple.product-type.application";
		};
		811806D2197E2265005FF79D /* SparkConnectTests */ = {
			isa = PBXNativeTarget;
			buildConfigurationList = 811806E0197E2265005FF79D /* Build configuration list for PBXNativeTarget "SparkConnectTests" */;
			buildPhases = (
				811806CF197E2265005FF79D /* Sources */,
				811806D0197E2265005FF79D /* Frameworks */,
				811806D1197E2265005FF79D /* Resources */,
			);
			buildRules = (
			);
			dependencies = (
				811806D5197E2265005FF79D /* PBXTargetDependency */,
			);
			name = SparkConnectTests;
			productName = SparkConnectTests;
			productReference = 811806D3197E2265005FF79D /* SparkConnectTests.xctest */;
			productType = "com.apple.product-type.bundle.unit-test";
		};
/* End PBXNativeTarget section */

/* Begin PBXProject section */
		811806B9197E2265005FF79D /* Project object */ = {
			isa = PBXProject;
			attributes = {
				LastUpgradeCheck = 0600;
				ORGANIZATIONNAME = "Alok Rao";
				TargetAttributes = {
					811806C0197E2265005FF79D = {
						CreatedOnToolsVersion = 6.0;
					};
					811806D2197E2265005FF79D = {
						CreatedOnToolsVersion = 6.0;
						TestTargetID = 811806C0197E2265005FF79D;
					};
				};
			};
			buildConfigurationList = 811806BC197E2265005FF79D /* Build configuration list for PBXProject "SparkConnect" */;
			compatibilityVersion = "Xcode 3.2";
			developmentRegion = English;
			hasScannedForEncodings = 0;
			knownRegions = (
				en,
				Base,
			);
			mainGroup = 811806B8197E2265005FF79D;
			productRefGroup = 811806C2197E2265005FF79D /* Products */;
			projectDirPath = "";
			projectRoot = "";
			targets = (
				811806C0197E2265005FF79D /* SparkConnect */,
				811806D2197E2265005FF79D /* SparkConnectTests */,
			);
		};
/* End PBXProject section */

/* Begin PBXResourcesBuildPhase section */
		811806BF197E2265005FF79D /* Resources */ = {
			isa = PBXResourcesBuildPhase;
			buildActionMask = 2147483647;
			files = (
				811806CC197E2265005FF79D /* Main.storyboard in Resources */,
				811806CE197E2265005FF79D /* Images.xcassets in Resources */,
			);
			runOnlyForDeploymentPostprocessing = 0;
		};
		811806D1197E2265005FF79D /* Resources */ = {
			isa = PBXResourcesBuildPhase;
			buildActionMask = 2147483647;
			files = (
			);
			runOnlyForDeploymentPostprocessing = 0;
		};
/* End PBXResourcesBuildPhase section */

/* Begin PBXShellScriptBuildPhase section */
		0382844821424950B3829304 /* Copy Pods Resources */ = {
			isa = PBXShellScriptBuildPhase;
			buildActionMask = 2147483647;
			files = (
			);
			inputPaths = (
			);
			name = "Copy Pods Resources";
			outputPaths = (
			);
			runOnlyForDeploymentPostprocessing = 0;
			shellPath = /bin/sh;
			shellScript = "\"${SRCROOT}/Pods/Pods-resources.sh\"\n";
			showEnvVarsInLog = 0;
		};
		0D11993D627D4FA4BD42C792 /* Check Pods Manifest.lock */ = {
			isa = PBXShellScriptBuildPhase;
			buildActionMask = 2147483647;
			files = (
			);
			inputPaths = (
			);
			name = "Check Pods Manifest.lock";
			outputPaths = (
			);
			runOnlyForDeploymentPostprocessing = 0;
			shellPath = /bin/sh;
			shellScript = "diff \"${PODS_ROOT}/../Podfile.lock\" \"${PODS_ROOT}/Manifest.lock\" > /dev/null\nif [[ $? != 0 ]] ; then\n    cat << EOM\nerror: The sandbox is not in sync with the Podfile.lock. Run 'pod install' or update your CocoaPods installation.\nEOM\n    exit 1\nfi\n";
			showEnvVarsInLog = 0;
		};
/* End PBXShellScriptBuildPhase section */

/* Begin PBXSourcesBuildPhase section */
		811806BD197E2265005FF79D /* Sources */ = {
			isa = PBXSourcesBuildPhase;
			buildActionMask = 2147483647;
			files = (
				811806C9197E2265005FF79D /* ViewController.swift in Sources */,
				811806C7197E2265005FF79D /* AppDelegate.swift in Sources */,
			);
			runOnlyForDeploymentPostprocessing = 0;
		};
		811806CF197E2265005FF79D /* Sources */ = {
			isa = PBXSourcesBuildPhase;
			buildActionMask = 2147483647;
			files = (
				811806DA197E2265005FF79D /* SparkConnectTests.swift in Sources */,
			);
			runOnlyForDeploymentPostprocessing = 0;
		};
/* End PBXSourcesBuildPhase section */

/* Begin PBXTargetDependency section */
		811806D5197E2265005FF79D /* PBXTargetDependency */ = {
			isa = PBXTargetDependency;
			target = 811806C0197E2265005FF79D /* SparkConnect */;
			targetProxy = 811806D4197E2265005FF79D /* PBXContainerItemProxy */;
		};
/* End PBXTargetDependency section */

/* Begin PBXVariantGroup section */
		811806CA197E2265005FF79D /* Main.storyboard */ = {
			isa = PBXVariantGroup;
			children = (
				811806CB197E2265005FF79D /* Base */,
			);
			name = Main.storyboard;
			sourceTree = "<group>";
		};
/* End PBXVariantGroup section */

/* Begin XCBuildConfiguration section */
		811806DB197E2265005FF79D /* Debug */ = {
			isa = XCBuildConfiguration;
			buildSettings = {
				ALWAYS_SEARCH_USER_PATHS = NO;
				CLANG_CXX_LANGUAGE_STANDARD = "gnu++0x";
				CLANG_CXX_LIBRARY = "libc++";
				CLANG_ENABLE_MODULES = YES;
				CLANG_ENABLE_OBJC_ARC = YES;
				CLANG_WARN_BOOL_CONVERSION = YES;
				CLANG_WARN_CONSTANT_CONVERSION = YES;
				CLANG_WARN_DIRECT_OBJC_ISA_USAGE = YES_ERROR;
				CLANG_WARN_EMPTY_BODY = YES;
				CLANG_WARN_ENUM_CONVERSION = YES;
				CLANG_WARN_INT_CONVERSION = YES;
				CLANG_WARN_OBJC_ROOT_CLASS = YES_ERROR;
				CLANG_WARN_UNREACHABLE_CODE = YES;
				CLANG_WARN__DUPLICATE_METHOD_MATCH = YES;
				"CODE_SIGN_IDENTITY[sdk=iphoneos*]" = "iPhone Developer";
				COPY_PHASE_STRIP = NO;
				ENABLE_STRICT_OBJC_MSGSEND = YES;
				GCC_C_LANGUAGE_STANDARD = gnu99;
				GCC_DYNAMIC_NO_PIC = NO;
				GCC_OPTIMIZATION_LEVEL = 0;
				GCC_PREPROCESSOR_DEFINITIONS = (
					"DEBUG=1",
					"$(inherited)",
				);
				GCC_SYMBOLS_PRIVATE_EXTERN = NO;
				GCC_WARN_64_TO_32_BIT_CONVERSION = YES;
				GCC_WARN_ABOUT_RETURN_TYPE = YES_ERROR;
				GCC_WARN_UNDECLARED_SELECTOR = YES;
				GCC_WARN_UNINITIALIZED_AUTOS = YES_AGGRESSIVE;
				GCC_WARN_UNUSED_FUNCTION = YES;
				GCC_WARN_UNUSED_VARIABLE = YES;
				IPHONEOS_DEPLOYMENT_TARGET = 8.0;
				METAL_ENABLE_DEBUG_INFO = YES;
				ONLY_ACTIVE_ARCH = YES;
				SDKROOT = iphoneos;
				SWIFT_OPTIMIZATION_LEVEL = "-Onone";
				TARGETED_DEVICE_FAMILY = "1,2";
			};
			name = Debug;
		};
		811806DC197E2265005FF79D /* Release */ = {
			isa = XCBuildConfiguration;
			buildSettings = {
				ALWAYS_SEARCH_USER_PATHS = NO;
				CLANG_CXX_LANGUAGE_STANDARD = "gnu++0x";
				CLANG_CXX_LIBRARY = "libc++";
				CLANG_ENABLE_MODULES = YES;
				CLANG_ENABLE_OBJC_ARC = YES;
				CLANG_WARN_BOOL_CONVERSION = YES;
				CLANG_WARN_CONSTANT_CONVERSION = YES;
				CLANG_WARN_DIRECT_OBJC_ISA_USAGE = YES_ERROR;
				CLANG_WARN_EMPTY_BODY = YES;
				CLANG_WARN_ENUM_CONVERSION = YES;
				CLANG_WARN_INT_CONVERSION = YES;
				CLANG_WARN_OBJC_ROOT_CLASS = YES_ERROR;
				CLANG_WARN_UNREACHABLE_CODE = YES;
				CLANG_WARN__DUPLICATE_METHOD_MATCH = YES;
				"CODE_SIGN_IDENTITY[sdk=iphoneos*]" = "iPhone Developer";
				COPY_PHASE_STRIP = YES;
				ENABLE_NS_ASSERTIONS = NO;
				ENABLE_STRICT_OBJC_MSGSEND = YES;
				GCC_C_LANGUAGE_STANDARD = gnu99;
				GCC_WARN_64_TO_32_BIT_CONVERSION = YES;
				GCC_WARN_ABOUT_RETURN_TYPE = YES_ERROR;
				GCC_WARN_UNDECLARED_SELECTOR = YES;
				GCC_WARN_UNINITIALIZED_AUTOS = YES_AGGRESSIVE;
				GCC_WARN_UNUSED_FUNCTION = YES;
				GCC_WARN_UNUSED_VARIABLE = YES;
				IPHONEOS_DEPLOYMENT_TARGET = 8.0;
				METAL_ENABLE_DEBUG_INFO = NO;
				SDKROOT = iphoneos;
				TARGETED_DEVICE_FAMILY = "1,2";
				VALIDATE_PRODUCT = YES;
			};
			name = Release;
		};
		811806DE197E2265005FF79D /* Debug */ = {
			isa = XCBuildConfiguration;
			baseConfigurationReference = BF8FA99DE6CE404D96C11B9C /* Pods.xcconfig */;
			buildSettings = {
				ASSETCATALOG_COMPILER_APPICON_NAME = AppIcon;
				ASSETCATALOG_COMPILER_LAUNCHIMAGE_NAME = LaunchImage;
				INFOPLIST_FILE = SparkConnect/Info.plist;
				LD_RUNPATH_SEARCH_PATHS = "$(inherited) @executable_path/Frameworks";
				PRODUCT_NAME = "$(TARGET_NAME)";
			};
			name = Debug;
		};
		811806DF197E2265005FF79D /* Release */ = {
			isa = XCBuildConfiguration;
			baseConfigurationReference = BF8FA99DE6CE404D96C11B9C /* Pods.xcconfig */;
			buildSettings = {
				ASSETCATALOG_COMPILER_APPICON_NAME = AppIcon;
				ASSETCATALOG_COMPILER_LAUNCHIMAGE_NAME = LaunchImage;
				INFOPLIST_FILE = SparkConnect/Info.plist;
				LD_RUNPATH_SEARCH_PATHS = "$(inherited) @executable_path/Frameworks";
				PRODUCT_NAME = "$(TARGET_NAME)";
			};
			name = Release;
		};
		811806E1197E2265005FF79D /* Debug */ = {
			isa = XCBuildConfiguration;
			buildSettings = {
				BUNDLE_LOADER = "$(BUILT_PRODUCTS_DIR)/SparkConnect.app/SparkConnect";
				FRAMEWORK_SEARCH_PATHS = (
					"$(SDKROOT)/Developer/Library/Frameworks",
					"$(inherited)",
				);
				GCC_PREPROCESSOR_DEFINITIONS = (
					"DEBUG=1",
					"$(inherited)",
				);
				INFOPLIST_FILE = SparkConnectTests/Info.plist;
				LD_RUNPATH_SEARCH_PATHS = "$(inherited) @executable_path/Frameworks @loader_path/Frameworks";
				METAL_ENABLE_DEBUG_INFO = YES;
				PRODUCT_NAME = "$(TARGET_NAME)";
				TEST_HOST = "$(BUNDLE_LOADER)";
			};
			name = Debug;
		};
		811806E2197E2265005FF79D /* Release */ = {
			isa = XCBuildConfiguration;
			buildSettings = {
				BUNDLE_LOADER = "$(BUILT_PRODUCTS_DIR)/SparkConnect.app/SparkConnect";
				FRAMEWORK_SEARCH_PATHS = (
					"$(SDKROOT)/Developer/Library/Frameworks",
					"$(inherited)",
				);
				INFOPLIST_FILE = SparkConnectTests/Info.plist;
				LD_RUNPATH_SEARCH_PATHS = "$(inherited) @executable_path/Frameworks @loader_path/Frameworks";
				METAL_ENABLE_DEBUG_INFO = NO;
				PRODUCT_NAME = "$(TARGET_NAME)";
				TEST_HOST = "$(BUNDLE_LOADER)";
			};
			name = Release;
		};
/* End XCBuildConfiguration section */

/* Begin XCConfigurationList section */
		811806BC197E2265005FF79D /* Build configuration list for PBXProject "SparkConnect" */ = {
			isa = XCConfigurationList;
			buildConfigurations = (
				811806DB197E2265005FF79D /* Debug */,
				811806DC197E2265005FF79D /* Release */,
			);
			defaultConfigurationIsVisible = 0;
			defaultConfigurationName = Release;
		};
		811806DD197E2265005FF79D /* Build configuration list for PBXNativeTarget "SparkConnect" */ = {
			isa = XCConfigurationList;
			buildConfigurations = (
				811806DE197E2265005FF79D /* Debug */,
				811806DF197E2265005FF79D /* Release */,
			);
			defaultConfigurationIsVisible = 0;
			defaultConfigurationName = Release;
		};
		811806E0197E2265005FF79D /* Build configuration list for PBXNativeTarget "SparkConnectTests" */ = {
			isa = XCConfigurationList;
			buildConfigurations = (
				811806E1197E2265005FF79D /* Debug */,
				811806E2197E2265005FF79D /* Release */,
			);
			defaultConfigurationIsVisible = 0;
			defaultConfigurationName = Release;
		};
/* End XCConfigurationList section */
	};
	rootObject = 811806B9197E2265005FF79D /* Project object */;
}
